
Microsoft Visual Studio Solution File, Format Version 12.00
# Visual Studio Version 16
VisualStudioVersion = 16.0.30330.147
MinimumVisualStudioVersion = 10.0.40219.1
Project("{FAE04EC0-301F-11D3-BF4B-00C04F79EFBC}") = "MetodosAbstratos", "MetodosAbstratos\MetodosAbstratos.csproj", "{F8926619-96F8-4FCE-B512-8EEEA03A9F11}"
EndProject
Global
	GlobalSection(SolutionConfigurationPlatforms) = preSolution
		Debug|Any CPU = Debug|Any CPU
		Release|Any CPU = Release|Any CPU
	EndGlobalSection
	GlobalSection(ProjectConfigurationPlatforms) = postSolution
		{F8926619-96F8-4FCE-B512-8EEEA03A9F11}.Debug|Any CPU.ActiveCfg = Debug|Any CPU
		{F8926619-96F8-4FCE-B512-8EEEA03A9F11}.Debug|Any CPU.Build.0 = Debug|Any CPU
		{F8926619-96F8-4FCE-B512-8EEEA03A9F11}.Release|Any CPU.ActiveCfg = Release|Any CPU
		{F8926619-96F8-4FCE-B512-8EEEA03A9F11}.Release|Any CPU.Build.0 = Release|Any CPU
	EndGlobalSection
	GlobalSection(SolutionProperties) = preSolution
		HideSolutionNode = FALSE
	EndGlobalSection
	GlobalSection(ExtensibilityGlobals) = postSolution
		SolutionGuid = {409230A3-83C1-4640-830F-7135FE400B2B}
	EndGlobalSection
EndGlobal
