
Microsoft Visual Studio Solution File, Format Version 12.00
# Visual Studio Version 16
VisualStudioVersion = 16.0.30330.147
MinimumVisualStudioVersion = 10.0.40219.1
Project("{FAE04EC0-301F-11D3-BF4B-00C04F79EFBC}") = "Composicao", "Composicao\Composicao.csproj", "{9F232157-A2AB-4A6B-A82A-D04DE4C91E9E}"
EndProject
Global
	GlobalSection(SolutionConfigurationPlatforms) = preSolution
		Debug|Any CPU = Debug|Any CPU
		Release|Any CPU = Release|Any CPU
	EndGlobalSection
	GlobalSection(ProjectConfigurationPlatforms) = postSolution
		{9F232157-A2AB-4A6B-A82A-D04DE4C91E9E}.Debug|Any CPU.ActiveCfg = Debug|Any CPU
		{9F232157-A2AB-4A6B-A82A-D04DE4C91E9E}.Debug|Any CPU.Build.0 = Debug|Any CPU
		{9F232157-A2AB-4A6B-A82A-D04DE4C91E9E}.Release|Any CPU.ActiveCfg = Release|Any CPU
		{9F232157-A2AB-4A6B-A82A-D04DE4C91E9E}.Release|Any CPU.Build.0 = Release|Any CPU
	EndGlobalSection
	GlobalSection(SolutionProperties) = preSolution
		HideSolutionNode = FALSE
	EndGlobalSection
	GlobalSection(ExtensibilityGlobals) = postSolution
		SolutionGuid = {6A27BAF1-0DEB-4017-AF49-B93A7748DBCE}
	EndGlobalSection
EndGlobal
