
Microsoft Visual Studio Solution File, Format Version 12.00
# Visual Studio Version 16
VisualStudioVersion = 16.0.30503.244
MinimumVisualStudioVersion = 10.0.40219.1
Project("{FAE04EC0-301F-11D3-BF4B-00C04F79EFBC}") = "Exercicio_Files", "Exercicio_Files\Exercicio_Files.csproj", "{F998B31B-77A8-4E3A-ADA8-EBC7291A2AAD}"
EndProject
Global
	GlobalSection(SolutionConfigurationPlatforms) = preSolution
		Debug|Any CPU = Debug|Any CPU
		Release|Any CPU = Release|Any CPU
	EndGlobalSection
	GlobalSection(ProjectConfigurationPlatforms) = postSolution
		{F998B31B-77A8-4E3A-ADA8-EBC7291A2AAD}.Debug|Any CPU.ActiveCfg = Debug|Any CPU
		{F998B31B-77A8-4E3A-ADA8-EBC7291A2AAD}.Debug|Any CPU.Build.0 = Debug|Any CPU
		{F998B31B-77A8-4E3A-ADA8-EBC7291A2AAD}.Release|Any CPU.ActiveCfg = Release|Any CPU
		{F998B31B-77A8-4E3A-ADA8-EBC7291A2AAD}.Release|Any CPU.Build.0 = Release|Any CPU
	EndGlobalSection
	GlobalSection(SolutionProperties) = preSolution
		HideSolutionNode = FALSE
	EndGlobalSection
	GlobalSection(ExtensibilityGlobals) = postSolution
		SolutionGuid = {C7E4D881-D8F0-4D9D-8A66-C0B4AFE4AD13}
	EndGlobalSection
EndGlobal
