
Microsoft Visual Studio Solution File, Format Version 12.00
# Visual Studio Version 16
VisualStudioVersion = 16.0.30503.244
MinimumVisualStudioVersion = 10.0.40219.1
Project("{FAE04EC0-301F-11D3-BF4B-00C04F79EFBC}") = "StringWriteTeste", "StringWriteTeste\StringWriteTeste.csproj", "{3E144866-E22D-43A0-BB0B-E440D88040DB}"
EndProject
Global
	GlobalSection(SolutionConfigurationPlatforms) = preSolution
		Debug|Any CPU = Debug|Any CPU
		Release|Any CPU = Release|Any CPU
	EndGlobalSection
	GlobalSection(ProjectConfigurationPlatforms) = postSolution
		{3E144866-E22D-43A0-BB0B-E440D88040DB}.Debug|Any CPU.ActiveCfg = Debug|Any CPU
		{3E144866-E22D-43A0-BB0B-E440D88040DB}.Debug|Any CPU.Build.0 = Debug|Any CPU
		{3E144866-E22D-43A0-BB0B-E440D88040DB}.Release|Any CPU.ActiveCfg = Release|Any CPU
		{3E144866-E22D-43A0-BB0B-E440D88040DB}.Release|Any CPU.Build.0 = Release|Any CPU
	EndGlobalSection
	GlobalSection(SolutionProperties) = preSolution
		HideSolutionNode = FALSE
	EndGlobalSection
	GlobalSection(ExtensibilityGlobals) = postSolution
		SolutionGuid = {9FDC6147-5EAF-49F7-A234-18E2E7D967EF}
	EndGlobalSection
EndGlobal
