
Microsoft Visual Studio Solution File, Format Version 12.00
# Visual Studio Version 16
VisualStudioVersion = 16.0.30330.147
MinimumVisualStudioVersion = 10.0.40219.1
Project("{FAE04EC0-301F-11D3-BF4B-00C04F79EFBC}") = "Enumeracoes", "Enumeracoes\Enumeracoes.csproj", "{7051A7DB-6EC2-471B-8A29-576B8648AD61}"
EndProject
Global
	GlobalSection(SolutionConfigurationPlatforms) = preSolution
		Debug|Any CPU = Debug|Any CPU
		Release|Any CPU = Release|Any CPU
	EndGlobalSection
	GlobalSection(ProjectConfigurationPlatforms) = postSolution
		{7051A7DB-6EC2-471B-8A29-576B8648AD61}.Debug|Any CPU.ActiveCfg = Debug|Any CPU
		{7051A7DB-6EC2-471B-8A29-576B8648AD61}.Debug|Any CPU.Build.0 = Debug|Any CPU
		{7051A7DB-6EC2-471B-8A29-576B8648AD61}.Release|Any CPU.ActiveCfg = Release|Any CPU
		{7051A7DB-6EC2-471B-8A29-576B8648AD61}.Release|Any CPU.Build.0 = Release|Any CPU
	EndGlobalSection
	GlobalSection(SolutionProperties) = preSolution
		HideSolutionNode = FALSE
	EndGlobalSection
	GlobalSection(ExtensibilityGlobals) = postSolution
		SolutionGuid = {02AED01A-F9F3-4B2A-9F75-B905551CBEEB}
	EndGlobalSection
EndGlobal
