
Microsoft Visual Studio Solution File, Format Version 12.00
# Visual Studio Version 16
VisualStudioVersion = 16.0.30204.135
MinimumVisualStudioVersion = 10.0.40219.1
Project("{FAE04EC0-301F-11D3-BF4B-00C04F79EFBC}") = "Exercicio_1", "Exercicio_1\Exercicio_1.csproj", "{D33A97FB-590E-461B-9E96-4A5595969EEC}"
EndProject
Global
	GlobalSection(SolutionConfigurationPlatforms) = preSolution
		Debug|Any CPU = Debug|Any CPU
		Release|Any CPU = Release|Any CPU
	EndGlobalSection
	GlobalSection(ProjectConfigurationPlatforms) = postSolution
		{D33A97FB-590E-461B-9E96-4A5595969EEC}.Debug|Any CPU.ActiveCfg = Debug|Any CPU
		{D33A97FB-590E-461B-9E96-4A5595969EEC}.Debug|Any CPU.Build.0 = Debug|Any CPU
		{D33A97FB-590E-461B-9E96-4A5595969EEC}.Release|Any CPU.ActiveCfg = Release|Any CPU
		{D33A97FB-590E-461B-9E96-4A5595969EEC}.Release|Any CPU.Build.0 = Release|Any CPU
	EndGlobalSection
	GlobalSection(SolutionProperties) = preSolution
		HideSolutionNode = FALSE
	EndGlobalSection
	GlobalSection(ExtensibilityGlobals) = postSolution
		SolutionGuid = {3C389194-86CD-4658-B31A-8E016E3A0A47}
	EndGlobalSection
EndGlobal
