
Microsoft Visual Studio Solution File, Format Version 12.00
# Visual Studio Version 16
VisualStudioVersion = 16.0.30503.244
MinimumVisualStudioVersion = 10.0.40219.1
Project("{FAE04EC0-301F-11D3-BF4B-00C04F79EFBC}") = "ExercicioResolvidoSetGenerics", "ExercicioResolvidoSetGenerics\ExercicioResolvidoSetGenerics.csproj", "{31603D71-E720-435D-85CB-7588D9E4472C}"
EndProject
Global
	GlobalSection(SolutionConfigurationPlatforms) = preSolution
		Debug|Any CPU = Debug|Any CPU
		Release|Any CPU = Release|Any CPU
	EndGlobalSection
	GlobalSection(ProjectConfigurationPlatforms) = postSolution
		{31603D71-E720-435D-85CB-7588D9E4472C}.Debug|Any CPU.ActiveCfg = Debug|Any CPU
		{31603D71-E720-435D-85CB-7588D9E4472C}.Debug|Any CPU.Build.0 = Debug|Any CPU
		{31603D71-E720-435D-85CB-7588D9E4472C}.Release|Any CPU.ActiveCfg = Release|Any CPU
		{31603D71-E720-435D-85CB-7588D9E4472C}.Release|Any CPU.Build.0 = Release|Any CPU
	EndGlobalSection
	GlobalSection(SolutionProperties) = preSolution
		HideSolutionNode = FALSE
	EndGlobalSection
	GlobalSection(ExtensibilityGlobals) = postSolution
		SolutionGuid = {401A6D0F-4A39-4DD6-8104-DFA79E97C99B}
	EndGlobalSection
EndGlobal
