
Microsoft Visual Studio Solution File, Format Version 12.00
# Visual Studio Version 16
VisualStudioVersion = 16.0.30204.135
MinimumVisualStudioVersion = 10.0.40219.1
Project("{FAE04EC0-301F-11D3-BF4B-00C04F79EFBC}") = "Exercicio_classe_estatica", "Exercicio_classe_estatica\Exercicio_classe_estatica.csproj", "{943D63D4-C2E1-4493-A003-2FA130D94874}"
EndProject
Global
	GlobalSection(SolutionConfigurationPlatforms) = preSolution
		Debug|Any CPU = Debug|Any CPU
		Release|Any CPU = Release|Any CPU
	EndGlobalSection
	GlobalSection(ProjectConfigurationPlatforms) = postSolution
		{943D63D4-C2E1-4493-A003-2FA130D94874}.Debug|Any CPU.ActiveCfg = Debug|Any CPU
		{943D63D4-C2E1-4493-A003-2FA130D94874}.Debug|Any CPU.Build.0 = Debug|Any CPU
		{943D63D4-C2E1-4493-A003-2FA130D94874}.Release|Any CPU.ActiveCfg = Release|Any CPU
		{943D63D4-C2E1-4493-A003-2FA130D94874}.Release|Any CPU.Build.0 = Release|Any CPU
	EndGlobalSection
	GlobalSection(SolutionProperties) = preSolution
		HideSolutionNode = FALSE
	EndGlobalSection
	GlobalSection(ExtensibilityGlobals) = postSolution
		SolutionGuid = {DB5C0A76-0F3C-4901-B5C1-BE52CFE99276}
	EndGlobalSection
EndGlobal
